
Microsoft Visual Studio Solution File, Format Version 12.00
# Visual Studio Version 16
VisualStudioVersion = 16.0.30011.22
MinimumVisualStudioVersion = 10.0.40219.1
Project("{9A19103F-16F7-4668-BE54-9A1E7A4F7556}") = "Common", "Common\Common.csproj", "{67E9A6D4-25DB-4C75-B9C8-7A2D6CE6A297}"
EndProject
Project("{9A19103F-16F7-4668-BE54-9A1E7A4F7556}") = "Demo", "Demo\Demo.csproj", "{9120B39C-F5B9-496F-BC8D-4696FF90D849}"
EndProject
Project("{9A19103F-16F7-4668-BE54-9A1E7A4F7556}") = "Arith", "Arith\Arith.csproj", "{7C1F1E2E-59A6-4B63-AA3E-3A9055D47AD8}"
EndProject
Project("{9A19103F-16F7-4668-BE54-9A1E7A4F7556}") = "Arith.Tests", "Arith.Tests\Arith.Tests.csproj", "{B7878C47-2E9A-4A90-9295-9B05B64D6E69}"
EndProject
Project("{9A19103F-16F7-4668-BE54-9A1E7A4F7556}") = "Untyped", "Untyped\Untyped.csproj", "{7D7490D1-AE28-4CED-92AE-4152FCAAE47D}"
EndProject
Project("{9A19103F-16F7-4668-BE54-9A1E7A4F7556}") = "Untyped.Tests", "Untyped.Tests\Untyped.Tests.csproj", "{79662DC2-3EDA-41BB-845C-3B83CAFD67BF}"
EndProject
Project("{9A19103F-16F7-4668-BE54-9A1E7A4F7556}") = "SimpleBool", "SimpleBool\SimpleBool.csproj", "{2DC3C2A7-6BDA-406F-AA82-025B88202ED5}"
EndProject
Project("{9A19103F-16F7-4668-BE54-9A1E7A4F7556}") = "LetExercise", "LetExercise\LetExercise.csproj", "{5FE8D32E-E20A-42FF-B48C-861A67EE2DC6}"
EndProject
Project("{9A19103F-16F7-4668-BE54-9A1E7A4F7556}") = "FullSimple", "FullSimple\FullSimple.csproj", "{0F0A70D0-171F-4BE1-B5BF-397AF3ACB3CA}"
EndProject
Global
	GlobalSection(SolutionConfigurationPlatforms) = preSolution
		Debug|Any CPU = Debug|Any CPU
		Release|Any CPU = Release|Any CPU
	EndGlobalSection
	GlobalSection(ProjectConfigurationPlatforms) = postSolution
		{67E9A6D4-25DB-4C75-B9C8-7A2D6CE6A297}.Debug|Any CPU.ActiveCfg = Debug|Any CPU
		{67E9A6D4-25DB-4C75-B9C8-7A2D6CE6A297}.Debug|Any CPU.Build.0 = Debug|Any CPU
		{67E9A6D4-25DB-4C75-B9C8-7A2D6CE6A297}.Release|Any CPU.ActiveCfg = Release|Any CPU
		{67E9A6D4-25DB-4C75-B9C8-7A2D6CE6A297}.Release|Any CPU.Build.0 = Release|Any CPU
		{9120B39C-F5B9-496F-BC8D-4696FF90D849}.Debug|Any CPU.ActiveCfg = Debug|Any CPU
		{9120B39C-F5B9-496F-BC8D-4696FF90D849}.Debug|Any CPU.Build.0 = Debug|Any CPU
		{9120B39C-F5B9-496F-BC8D-4696FF90D849}.Release|Any CPU.ActiveCfg = Release|Any CPU
		{9120B39C-F5B9-496F-BC8D-4696FF90D849}.Release|Any CPU.Build.0 = Release|Any CPU
		{7C1F1E2E-59A6-4B63-AA3E-3A9055D47AD8}.Debug|Any CPU.ActiveCfg = Debug|Any CPU
		{7C1F1E2E-59A6-4B63-AA3E-3A9055D47AD8}.Debug|Any CPU.Build.0 = Debug|Any CPU
		{7C1F1E2E-59A6-4B63-AA3E-3A9055D47AD8}.Release|Any CPU.ActiveCfg = Release|Any CPU
		{7C1F1E2E-59A6-4B63-AA3E-3A9055D47AD8}.Release|Any CPU.Build.0 = Release|Any CPU
		{B7878C47-2E9A-4A90-9295-9B05B64D6E69}.Debug|Any CPU.ActiveCfg = Debug|Any CPU
		{B7878C47-2E9A-4A90-9295-9B05B64D6E69}.Debug|Any CPU.Build.0 = Debug|Any CPU
		{B7878C47-2E9A-4A90-9295-9B05B64D6E69}.Release|Any CPU.ActiveCfg = Release|Any CPU
		{B7878C47-2E9A-4A90-9295-9B05B64D6E69}.Release|Any CPU.Build.0 = Release|Any CPU
		{7D7490D1-AE28-4CED-92AE-4152FCAAE47D}.Debug|Any CPU.ActiveCfg = Debug|Any CPU
		{7D7490D1-AE28-4CED-92AE-4152FCAAE47D}.Debug|Any CPU.Build.0 = Debug|Any CPU
		{7D7490D1-AE28-4CED-92AE-4152FCAAE47D}.Release|Any CPU.ActiveCfg = Release|Any CPU
		{7D7490D1-AE28-4CED-92AE-4152FCAAE47D}.Release|Any CPU.Build.0 = Release|Any CPU
		{79662DC2-3EDA-41BB-845C-3B83CAFD67BF}.Debug|Any CPU.ActiveCfg = Debug|Any CPU
		{79662DC2-3EDA-41BB-845C-3B83CAFD67BF}.Debug|Any CPU.Build.0 = Debug|Any CPU
		{79662DC2-3EDA-41BB-845C-3B83CAFD67BF}.Release|Any CPU.ActiveCfg = Release|Any CPU
		{79662DC2-3EDA-41BB-845C-3B83CAFD67BF}.Release|Any CPU.Build.0 = Release|Any CPU
		{2DC3C2A7-6BDA-406F-AA82-025B88202ED5}.Debug|Any CPU.ActiveCfg = Debug|Any CPU
		{2DC3C2A7-6BDA-406F-AA82-025B88202ED5}.Debug|Any CPU.Build.0 = Debug|Any CPU
		{2DC3C2A7-6BDA-406F-AA82-025B88202ED5}.Release|Any CPU.ActiveCfg = Release|Any CPU
		{2DC3C2A7-6BDA-406F-AA82-025B88202ED5}.Release|Any CPU.Build.0 = Release|Any CPU
		{5FE8D32E-E20A-42FF-B48C-861A67EE2DC6}.Debug|Any CPU.ActiveCfg = Debug|Any CPU
		{5FE8D32E-E20A-42FF-B48C-861A67EE2DC6}.Debug|Any CPU.Build.0 = Debug|Any CPU
		{5FE8D32E-E20A-42FF-B48C-861A67EE2DC6}.Release|Any CPU.ActiveCfg = Release|Any CPU
		{5FE8D32E-E20A-42FF-B48C-861A67EE2DC6}.Release|Any CPU.Build.0 = Release|Any CPU
		{0F0A70D0-171F-4BE1-B5BF-397AF3ACB3CA}.Debug|Any CPU.ActiveCfg = Debug|Any CPU
		{0F0A70D0-171F-4BE1-B5BF-397AF3ACB3CA}.Debug|Any CPU.Build.0 = Debug|Any CPU
		{0F0A70D0-171F-4BE1-B5BF-397AF3ACB3CA}.Release|Any CPU.ActiveCfg = Release|Any CPU
		{0F0A70D0-171F-4BE1-B5BF-397AF3ACB3CA}.Release|Any CPU.Build.0 = Release|Any CPU
	EndGlobalSection
	GlobalSection(SolutionProperties) = preSolution
		HideSolutionNode = FALSE
	EndGlobalSection
	GlobalSection(ExtensibilityGlobals) = postSolution
		SolutionGuid = {85A09B0A-EB85-4693-87CC-19CE878C8733}
	EndGlobalSection
EndGlobal
